{
  "name": "ledgerpress",
  "version": "1.0.0",
  "lockfileVersion": 3,
  "requires": true,
  "packages": {
    "": {
      "name": "ledgerpress",
      "version": "1.0.0",
      "devDependencies": {
        "js-yaml": "^5.2.2",
        "prettier": "3.9.6",
        "prettier-plugin-astro": "0.14.1"
      }
    },
    "node_modules/@astrojs/compiler": {
      "version": "2.13.1",
      "resolved": "https://registry.npmjs.org/@astrojs/compiler/-/compiler-2.13.1.tgz",
      "integrity": "sha512-f3FN83d2G/v32ipNClRKgYv30onQlMZX1vCeZMjPsMMPl1mDpmbl0+N5BYo4S/ofzqJyS5hvwacEo0CCVDn/Qg==",
      "dev": true,
      "license": "MIT"
    },
    "node_modules/argparse": {
      "version": "2.0.1",
      "resolved": "https://registry.npmjs.org/argparse/-/argparse-2.0.1.tgz",
      "integrity": "sha512-8+9WqebbFzpX9OR+Wa6O29asIogeRMzcGtAINdpMHHyAg10f05aSFVBbcEqGf/PXw1EjAZ+q2/bEBg3DvurK3Q==",
      "dev": true,
      "license": "Python-2.0"
    },
    "node_modules/js-yaml": {
      "version": "5.2.2",
      "resolved": "https://registry.npmjs.org/js-yaml/-/js-yaml-5.2.2.tgz",
      "integrity": "sha512-dayzUzKkJ1MkuUtZglSebU43utNXH0OWQByK9rKOOuYIO8M5TV1y+n8ALMdG0rdzBnfNkOmZEqrURepb0ejqBw==",
      "dev": true,
      "funding": [
        {
          "type": "github",
          "url": "https://github.com/sponsors/puzrin"
        },
        {
          "type": "github",
          "url": "https://github.com/sponsors/nodeca"
        }
      ],
      "license": "MIT",
      "dependencies": {
        "argparse": "^2.0.1"
      },
      "bin": {
        "js-yaml": "bin/js-yaml.mjs"
      }
    },
    "node_modules/prettier": {
      "version": "3.9.6",
      "resolved": "https://registry.npmjs.org/prettier/-/prettier-3.9.6.tgz",
      "integrity": "sha512-OpN0zzVdiaiAhxpuuj5efpIS4sY9j7bY6uR5mnj5yPzGkdkjNKSJeUThPb60Jw29QuAZgA4o+/iB49kFiaBX6g==",
      "dev": true,
      "license": "MIT",
      "bin": {
        "prettier": "bin/prettier.cjs"
      },
      "engines": {
        "node": ">=14"
      },
      "funding": {
        "url": "https://github.com/prettier/prettier?sponsor=1"
      }
    },
    "node_modules/prettier-plugin-astro": {
      "version": "0.14.1",
      "resolved": "https://registry.npmjs.org/prettier-plugin-astro/-/prettier-plugin-astro-0.14.1.tgz",
      "integrity": "sha512-RiBETaaP9veVstE4vUwSIcdATj6dKmXljouXc/DDNwBSPTp8FRkLGDSGFClKsAFeeg+13SB0Z1JZvbD76bigJw==",
      "dev": true,
      "license": "MIT",
      "dependencies": {
        "@astrojs/compiler": "^2.9.1",
        "prettier": "^3.0.0",
        "sass-formatter": "^0.7.6"
      },
      "engines": {
        "node": "^14.15.0 || >=16.0.0"
      }
    },
    "node_modules/s.color": {
      "version": "0.0.15",
      "resolved": "https://registry.npmjs.org/s.color/-/s.color-0.0.15.tgz",
      "integrity": "sha512-AUNrbEUHeKY8XsYr/DYpl+qk5+aM+DChopnWOPEzn8YKzOhv4l2zH6LzZms3tOZP3wwdOyc0RmTciyi46HLIuA==",
      "dev": true,
      "license": "MIT"
    },
    "node_modules/sass-formatter": {
      "version": "0.7.9",
      "resolved": "https://registry.npmjs.org/sass-formatter/-/sass-formatter-0.7.9.tgz",
      "integrity": "sha512-CWZ8XiSim+fJVG0cFLStwDvft1VI7uvXdCNJYXhDvowiv+DsbD1nXLiQ4zrE5UBvj5DWZJ93cwN0NX5PMsr1Pw==",
      "dev": true,
      "license": "MIT",
      "dependencies": {
        "suf-log": "^2.5.3"
      }
    },
    "node_modules/suf-log": {
      "version": "2.5.3",
      "resolved": "https://registry.npmjs.org/suf-log/-/suf-log-2.5.3.tgz",
      "integrity": "sha512-KvC8OPjzdNOe+xQ4XWJV2whQA0aM1kGVczMQ8+dStAO6KfEB140JEVQ9dE76ONZ0/Ylf67ni4tILPJB41U0eow==",
      "dev": true,
      "license": "MIT",
      "dependencies": {
        "s.color": "0.0.15"
      }
    }
  }
}
